// !$*UTF8*$!
{
	archiveVersion = 1;
	classes = {
	};
	objectVersion = 55;
	objects = {

/* Begin PBXBuildFile section */
		CF183AC626FE4B0E00A1E3C1 /* AppDelegate.swift in Sources */ = {isa = PBXBuildFile; fileRef = CF183AC526FE4B0E00A1E3C1 /* AppDelegate.swift */; };
		CF183AC826FE4B0E00A1E3C1 /* SceneDelegate.swift in Sources */ = {isa = PBXBuildFile; fileRef = CF183AC726FE4B0E00A1E3C1 /* SceneDelegate.swift */; };
		CF183ACF26FE4B1000A1E3C1 /* Assets.xcassets in Resources */ = {isa = PBXBuildFile; fileRef = CF183ACE26FE4B1000A1E3C1 /* Assets.xcassets */; };
		CF183AD226FE4B1000A1E3C1 /* LaunchScreen.storyboard in Resources */ = {isa = PBXBuildFile; fileRef = CF183AD026FE4B1000A1E3C1 /* LaunchScreen.storyboard */; };
		CF183ADC26FE4B5200A1E3C1 /* CloudKit.framework in Frameworks */ = {isa = PBXBuildFile; fileRef = CF183ADB26FE4B5200A1E3C1 /* CloudKit.framework */; };
		CF183ADF26FE4C4200A1E3C1 /* Coordinator.swift in Sources */ = {isa = PBXBuildFile; fileRef = CF183ADE26FE4C4200A1E3C1 /* Coordinator.swift */; };
		CF183AE126FE4CC800A1E3C1 /* MainCoordinator.swift in Sources */ = {isa = PBXBuildFile; fileRef = CF183AE026FE4CC800A1E3C1 /* MainCoordinator.swift */; };
		CF183AE326FE4E6800A1E3C1 /* IBInstantiable.swift in Sources */ = {isa = PBXBuildFile; fileRef = CF183AE226FE4E6800A1E3C1 /* IBInstantiable.swift */; };
		CF6AC8CE26FE5D3200E4D380 /* WelcomeViewController.swift in Sources */ = {isa = PBXBuildFile; fileRef = CF6AC8CC26FE5D3200E4D380 /* WelcomeViewController.swift */; };
		CF6AC8CF26FE5D3200E4D380 /* WelcomeViewController.xib in Resources */ = {isa = PBXBuildFile; fileRef = CF6AC8CD26FE5D3200E4D380 /* WelcomeViewController.xib */; };
		CF6AC8D226FE612E00E4D380 /* OnboardingCoordinator.swift in Sources */ = {isa = PBXBuildFile; fileRef = CF6AC8D126FE612E00E4D380 /* OnboardingCoordinator.swift */; };
		CF6AC8D726FED5D600E4D380 /* Localizable.strings in Resources */ = {isa = PBXBuildFile; fileRef = CF6AC8D626FED5D600E4D380 /* Localizable.strings */; };
/* End PBXBuildFile section */

/* Begin PBXFileReference section */
		CF183AC226FE4B0E00A1E3C1 /* Footprints.app */ = {isa = PBXFileReference; explicitFileType = wrapper.application; includeInIndex = 0; path = Footprints.app; sourceTree = BUILT_PRODUCTS_DIR; };
		CF183AC526FE4B0E00A1E3C1 /* AppDelegate.swift */ = {isa = PBXFileReference; lastKnownFileType = sourcecode.swift; path = AppDelegate.swift; sourceTree = "<group>"; };
		CF183AC726FE4B0E00A1E3C1 /* SceneDelegate.swift */ = {isa = PBXFileReference; lastKnownFileType = sourcecode.swift; path = SceneDelegate.swift; sourceTree = "<group>"; };
		CF183ACE26FE4B1000A1E3C1 /* Assets.xcassets */ = {isa = PBXFileReference; lastKnownFileType = folder.assetcatalog; path = Assets.xcassets; sourceTree = "<group>"; };
		CF183AD126FE4B1000A1E3C1 /* Base */ = {isa = PBXFileReference; lastKnownFileType = file.storyboard; name = Base; path = Base.lproj/LaunchScreen.storyboard; sourceTree = "<group>"; };
		CF183AD326FE4B1000A1E3C1 /* Info.plist */ = {isa = PBXFileReference; lastKnownFileType = text.plist.xml; path = Info.plist; sourceTree = "<group>"; };
		CF183AD926FE4B4D00A1E3C1 /* Footprints.entitlements */ = {isa = PBXFileReference; lastKnownFileType = text.plist.entitlements; path = Footprints.entitlements; sourceTree = "<group>"; };
		CF183ADB26FE4B5200A1E3C1 /* CloudKit.framework */ = {isa = PBXFileReference; lastKnownFileType = wrapper.framework; name = CloudKit.framework; path = System/Library/Frameworks/CloudKit.framework; sourceTree = SDKROOT; };
		CF183ADE26FE4C4200A1E3C1 /* Coordinator.swift */ = {isa = PBXFileReference; lastKnownFileType = sourcecode.swift; path = Coordinator.swift; sourceTree = "<group>"; };
		CF183AE026FE4CC800A1E3C1 /* MainCoordinator.swift */ = {isa = PBXFileReference; lastKnownFileType = sourcecode.swift; path = MainCoordinator.swift; sourceTree = "<group>"; };
		CF183AE226FE4E6800A1E3C1 /* IBInstantiable.swift */ = {isa = PBXFileReference; lastKnownFileType = sourcecode.swift; path = IBInstantiable.swift; sourceTree = "<group>"; };
		CF6AC8CC26FE5D3200E4D380 /* WelcomeViewController.swift */ = {isa = PBXFileReference; lastKnownFileType = sourcecode.swift; path = WelcomeViewController.swift; sourceTree = "<group>"; };
		CF6AC8CD26FE5D3200E4D380 /* WelcomeViewController.xib */ = {isa = PBXFileReference; lastKnownFileType = file.xib; path = WelcomeViewController.xib; sourceTree = "<group>"; };
		CF6AC8D126FE612E00E4D380 /* OnboardingCoordinator.swift */ = {isa = PBXFileReference; lastKnownFileType = sourcecode.swift; path = OnboardingCoordinator.swift; sourceTree = "<group>"; };
		CF6AC8D626FED5D600E4D380 /* Localizable.strings */ = {isa = PBXFileReference; lastKnownFileType = text.plist.strings; path = Localizable.strings; sourceTree = "<group>"; };
/* End PBXFileReference section */

/* Begin PBXFrameworksBuildPhase section */
		CF183ABF26FE4B0E00A1E3C1 /* Frameworks */ = {
			isa = PBXFrameworksBuildPhase;
			buildActionMask = 2147483647;
			files = (
				CF183ADC26FE4B5200A1E3C1 /* CloudKit.framework in Frameworks */,
			);
			runOnlyForDeploymentPostprocessing = 0;
		};
/* End PBXFrameworksBuildPhase section */

/* Begin PBXGroup section */
		CF183AB926FE4B0E00A1E3C1 = {
			isa = PBXGroup;
			children = (
				CF183AC426FE4B0E00A1E3C1 /* Footprints */,
				CF183AC326FE4B0E00A1E3C1 /* Products */,
				CF183ADA26FE4B5200A1E3C1 /* Frameworks */,
			);
			sourceTree = "<group>";
		};
		CF183AC326FE4B0E00A1E3C1 /* Products */ = {
			isa = PBXGroup;
			children = (
				CF183AC226FE4B0E00A1E3C1 /* Footprints.app */,
			);
			name = Products;
			sourceTree = "<group>";
		};
		CF183AC426FE4B0E00A1E3C1 /* Footprints */ = {
			isa = PBXGroup;
			children = (
				CF183ADD26FE4C2600A1E3C1 /* Coordinators */,
				CF183AE826FE511A00A1E3C1 /* View Controllers */,
				CF183AC526FE4B0E00A1E3C1 /* AppDelegate.swift */,
				CF183AC726FE4B0E00A1E3C1 /* SceneDelegate.swift */,
				CF183ADE26FE4C4200A1E3C1 /* Coordinator.swift */,
				CF183AE226FE4E6800A1E3C1 /* IBInstantiable.swift */,
				CF183ACE26FE4B1000A1E3C1 /* Assets.xcassets */,
				CF6AC8D626FED5D600E4D380 /* Localizable.strings */,
				CF183AD026FE4B1000A1E3C1 /* LaunchScreen.storyboard */,
				CF183AD326FE4B1000A1E3C1 /* Info.plist */,
				CF183AD926FE4B4D00A1E3C1 /* Footprints.entitlements */,
			);
			path = Footprints;
			sourceTree = "<group>";
		};
		CF183ADA26FE4B5200A1E3C1 /* Frameworks */ = {
			isa = PBXGroup;
			children = (
				CF183ADB26FE4B5200A1E3C1 /* CloudKit.framework */,
			);
			name = Frameworks;
			sourceTree = "<group>";
		};
		CF183ADD26FE4C2600A1E3C1 /* Coordinators */ = {
			isa = PBXGroup;
			children = (
				CF183AE026FE4CC800A1E3C1 /* MainCoordinator.swift */,
				CF6AC8D126FE612E00E4D380 /* OnboardingCoordinator.swift */,
			);
			path = Coordinators;
			sourceTree = "<group>";
		};
		CF183AE826FE511A00A1E3C1 /* View Controllers */ = {
			isa = PBXGroup;
			children = (
				CF6AC8CB26FE5B0B00E4D380 /* Onboarding */,
			);
			path = "View Controllers";
			sourceTree = "<group>";
		};
		CF6AC8CB26FE5B0B00E4D380 /* Onboarding */ = {
			isa = PBXGroup;
			children = (
				CF6AC8D526FED07100E4D380 /* Welcome */,
			);
			path = Onboarding;
			sourceTree = "<group>";
		};
		CF6AC8D526FED07100E4D380 /* Welcome */ = {
			isa = PBXGroup;
			children = (
				CF6AC8CC26FE5D3200E4D380 /* WelcomeViewController.swift */,
				CF6AC8CD26FE5D3200E4D380 /* WelcomeViewController.xib */,
			);
			path = Welcome;
			sourceTree = "<group>";
		};
/* End PBXGroup section */

/* Begin PBXNativeTarget section */
		CF183AC126FE4B0E00A1E3C1 /* Footprints */ = {
			isa = PBXNativeTarget;
			buildConfigurationList = CF183AD626FE4B1000A1E3C1 /* Build configuration list for PBXNativeTarget "Footprints" */;
			buildPhases = (
				CF183ABE26FE4B0E00A1E3C1 /* Sources */,
				CF183ABF26FE4B0E00A1E3C1 /* Frameworks */,
				CF183AC026FE4B0E00A1E3C1 /* Resources */,
			);
			buildRules = (
			);
			dependencies = (
			);
			name = Footprints;
			productName = Footprints;
			productReference = CF183AC226FE4B0E00A1E3C1 /* Footprints.app */;
			productType = "com.apple.product-type.application";
		};
/* End PBXNativeTarget section */

/* Begin PBXProject section */
		CF183ABA26FE4B0E00A1E3C1 /* Project object */ = {
			isa = PBXProject;
			attributes = {
				BuildIndependentTargetsInParallel = 1;
				LastSwiftUpdateCheck = 1300;
				LastUpgradeCheck = 1300;
				TargetAttributes = {
					CF183AC126FE4B0E00A1E3C1 = {
						CreatedOnToolsVersion = 13.0;
					};
				};
			};
			buildConfigurationList = CF183ABD26FE4B0E00A1E3C1 /* Build configuration list for PBXProject "Footprints" */;
			compatibilityVersion = "Xcode 13.0";
			developmentRegion = en;
			hasScannedForEncodings = 0;
			knownRegions = (
				en,
				Base,
			);
			mainGroup = CF183AB926FE4B0E00A1E3C1;
			productRefGroup = CF183AC326FE4B0E00A1E3C1 /* Products */;
			projectDirPath = "";
			projectRoot = "";
			targets = (
				CF183AC126FE4B0E00A1E3C1 /* Footprints */,
			);
		};
/* End PBXProject section */

/* Begin PBXResourcesBuildPhase section */
		CF183AC026FE4B0E00A1E3C1 /* Resources */ = {
			isa = PBXResourcesBuildPhase;
			buildActionMask = 2147483647;
			files = (
				CF183AD226FE4B1000A1E3C1 /* LaunchScreen.storyboard in Resources */,
				CF6AC8D726FED5D600E4D380 /* Localizable.strings in Resources */,
				CF6AC8CF26FE5D3200E4D380 /* WelcomeViewController.xib in Resources */,
				CF183ACF26FE4B1000A1E3C1 /* Assets.xcassets in Resources */,
			);
			runOnlyForDeploymentPostprocessing = 0;
		};
/* End PBXResourcesBuildPhase section */

/* Begin PBXSourcesBuildPhase section */
		CF183ABE26FE4B0E00A1E3C1 /* Sources */ = {
			isa = PBXSourcesBuildPhase;
			buildActionMask = 2147483647;
			files = (
				CF183ADF26FE4C4200A1E3C1 /* Coordinator.swift in Sources */,
				CF183AC626FE4B0E00A1E3C1 /* AppDelegate.swift in Sources */,
				CF183AE126FE4CC800A1E3C1 /* MainCoordinator.swift in Sources */,
				CF183AE326FE4E6800A1E3C1 /* IBInstantiable.swift in Sources */,
				CF6AC8D226FE612E00E4D380 /* OnboardingCoordinator.swift in Sources */,
				CF183AC826FE4B0E00A1E3C1 /* SceneDelegate.swift in Sources */,
				CF6AC8CE26FE5D3200E4D380 /* WelcomeViewController.swift in Sources */,
			);
			runOnlyForDeploymentPostprocessing = 0;
		};
/* End PBXSourcesBuildPhase section */

/* Begin PBXVariantGroup section */
		CF183AD026FE4B1000A1E3C1 /* LaunchScreen.storyboard */ = {
			isa = PBXVariantGroup;
			children = (
				CF183AD126FE4B1000A1E3C1 /* Base */,
			);
			name = LaunchScreen.storyboard;
			sourceTree = "<group>";
		};
/* End PBXVariantGroup section */

/* Begin XCBuildConfiguration section */
		CF183AD426FE4B1000A1E3C1 /* Debug */ = {
			isa = XCBuildConfiguration;
			buildSettings = {
				ALWAYS_SEARCH_USER_PATHS = NO;
				CLANG_ANALYZER_NONNULL = YES;
				CLANG_ANALYZER_NUMBER_OBJECT_CONVERSION = YES_AGGRESSIVE;
				CLANG_CXX_LANGUAGE_STANDARD = "gnu++17";
				CLANG_CXX_LIBRARY = "libc++";
				CLANG_ENABLE_MODULES = YES;
				CLANG_ENABLE_OBJC_ARC = YES;
				CLANG_ENABLE_OBJC_WEAK = YES;
				CLANG_WARN_BLOCK_CAPTURE_AUTORELEASING = YES;
				CLANG_WARN_BOOL_CONVERSION = YES;
				CLANG_WARN_COMMA = YES;
				CLANG_WARN_CONSTANT_CONVERSION = YES;
				CLANG_WARN_DEPRECATED_OBJC_IMPLEMENTATIONS = YES;
				CLANG_WARN_DIRECT_OBJC_ISA_USAGE = YES_ERROR;
				CLANG_WARN_DOCUMENTATION_COMMENTS = YES;
				CLANG_WARN_EMPTY_BODY = YES;
				CLANG_WARN_ENUM_CONVERSION = YES;
				CLANG_WARN_INFINITE_RECURSION = YES;
				CLANG_WARN_INT_CONVERSION = YES;
				CLANG_WARN_NON_LITERAL_NULL_CONVERSION = YES;
				CLANG_WARN_OBJC_IMPLICIT_RETAIN_SELF = YES;
				CLANG_WARN_OBJC_LITERAL_CONVERSION = YES;
				CLANG_WARN_OBJC_ROOT_CLASS = YES_ERROR;
				CLANG_WARN_QUOTED_INCLUDE_IN_FRAMEWORK_HEADER = YES;
				CLANG_WARN_RANGE_LOOP_ANALYSIS = YES;
				CLANG_WARN_STRICT_PROTOTYPES = YES;
				CLANG_WARN_SUSPICIOUS_MOVE = YES;
				CLANG_WARN_UNGUARDED_AVAILABILITY = YES_AGGRESSIVE;
				CLANG_WARN_UNREACHABLE_CODE = YES;
				CLANG_WARN__DUPLICATE_METHOD_MATCH = YES;
				COPY_PHASE_STRIP = NO;
				DEBUG_INFORMATION_FORMAT = dwarf;
				ENABLE_STRICT_OBJC_MSGSEND = YES;
				ENABLE_TESTABILITY = YES;
				GCC_C_LANGUAGE_STANDARD = gnu11;
				GCC_DYNAMIC_NO_PIC = NO;
				GCC_NO_COMMON_BLOCKS = YES;
				GCC_OPTIMIZATION_LEVEL = 0;
				GCC_PREPROCESSOR_DEFINITIONS = (
					"DEBUG=1",
					"$(inherited)",
				);
				GCC_WARN_64_TO_32_BIT_CONVERSION = YES;
				GCC_WARN_ABOUT_RETURN_TYPE = YES_ERROR;
				GCC_WARN_UNDECLARED_SELECTOR = YES;
				GCC_WARN_UNINITIALIZED_AUTOS = YES_AGGRESSIVE;
				GCC_WARN_UNUSED_FUNCTION = YES;
				GCC_WARN_UNUSED_VARIABLE = YES;
				IPHONEOS_DEPLOYMENT_TARGET = 15.0;
				MTL_ENABLE_DEBUG_INFO = INCLUDE_SOURCE;
				MTL_FAST_MATH = YES;
				ONLY_ACTIVE_ARCH = YES;
				SDKROOT = iphoneos;
				SWIFT_ACTIVE_COMPILATION_CONDITIONS = DEBUG;
				SWIFT_OPTIMIZATION_LEVEL = "-Onone";
			};
			name = Debug;
		};
		CF183AD526FE4B1000A1E3C1 /* Release */ = {
			isa = XCBuildConfiguration;
			buildSettings = {
				ALWAYS_SEARCH_USER_PATHS = NO;
				CLANG_ANALYZER_NONNULL = YES;
				CLANG_ANALYZER_NUMBER_OBJECT_CONVERSION = YES_AGGRESSIVE;
				CLANG_CXX_LANGUAGE_STANDARD = "gnu++17";
				CLANG_CXX_LIBRARY = "libc++";
				CLANG_ENABLE_MODULES = YES;
				CLANG_ENABLE_OBJC_ARC = YES;
				CLANG_ENABLE_OBJC_WEAK = YES;
				CLANG_WARN_BLOCK_CAPTURE_AUTORELEASING = YES;
				CLANG_WARN_BOOL_CONVERSION = YES;
				CLANG_WARN_COMMA = YES;
				CLANG_WARN_CONSTANT_CONVERSION = YES;
				CLANG_WARN_DEPRECATED_OBJC_IMPLEMENTATIONS = YES;
				CLANG_WARN_DIRECT_OBJC_ISA_USAGE = YES_ERROR;
				CLANG_WARN_DOCUMENTATION_COMMENTS = YES;
				CLANG_WARN_EMPTY_BODY = YES;
				CLANG_WARN_ENUM_CONVERSION = YES;
				CLANG_WARN_INFINITE_RECURSION = YES;
				CLANG_WARN_INT_CONVERSION = YES;
				CLANG_WARN_NON_LITERAL_NULL_CONVERSION = YES;
				CLANG_WARN_OBJC_IMPLICIT_RETAIN_SELF = YES;
				CLANG_WARN_OBJC_LITERAL_CONVERSION = YES;
				CLANG_WARN_OBJC_ROOT_CLASS = YES_ERROR;
				CLANG_WARN_QUOTED_INCLUDE_IN_FRAMEWORK_HEADER = YES;
				CLANG_WARN_RANGE_LOOP_ANALYSIS = YES;
				CLANG_WARN_STRICT_PROTOTYPES = YES;
				CLANG_WARN_SUSPICIOUS_MOVE = YES;
				CLANG_WARN_UNGUARDED_AVAILABILITY = YES_AGGRESSIVE;
				CLANG_WARN_UNREACHABLE_CODE = YES;
				CLANG_WARN__DUPLICATE_METHOD_MATCH = YES;
				COPY_PHASE_STRIP = NO;
				DEBUG_INFORMATION_FORMAT = "dwarf-with-dsym";
				ENABLE_NS_ASSERTIONS = NO;
				ENABLE_STRICT_OBJC_MSGSEND = YES;
				GCC_C_LANGUAGE_STANDARD = gnu11;
				GCC_NO_COMMON_BLOCKS = YES;
				GCC_WARN_64_TO_32_BIT_CONVERSION = YES;
				GCC_WARN_ABOUT_RETURN_TYPE = YES_ERROR;
				GCC_WARN_UNDECLARED_SELECTOR = YES;
				GCC_WARN_UNINITIALIZED_AUTOS = YES_AGGRESSIVE;
				GCC_WARN_UNUSED_FUNCTION = YES;
				GCC_WARN_UNUSED_VARIABLE = YES;
				IPHONEOS_DEPLOYMENT_TARGET = 15.0;
				MTL_ENABLE_DEBUG_INFO = NO;
				MTL_FAST_MATH = YES;
				SDKROOT = iphoneos;
				SWIFT_COMPILATION_MODE = wholemodule;
				SWIFT_OPTIMIZATION_LEVEL = "-O";
				VALIDATE_PRODUCT = YES;
			};
			name = Release;
		};
		CF183AD726FE4B1000A1E3C1 /* Debug */ = {
			isa = XCBuildConfiguration;
			buildSettings = {
				ASSETCATALOG_COMPILER_APPICON_NAME = AppIcon;
				ASSETCATALOG_COMPILER_GLOBAL_ACCENT_COLOR_NAME = AccentColor;
				CODE_SIGN_ENTITLEMENTS = Footprints/Footprints.entitlements;
				CODE_SIGN_STYLE = Automatic;
				CURRENT_PROJECT_VERSION = 1;
				DEVELOPMENT_TEAM = RTCYSWYBFH;
				GENERATE_INFOPLIST_FILE = YES;
				INFOPLIST_FILE = Footprints/Info.plist;
				INFOPLIST_KEY_UIApplicationSupportsIndirectInputEvents = YES;
				INFOPLIST_KEY_UILaunchStoryboardName = LaunchScreen;
				INFOPLIST_KEY_UISupportedInterfaceOrientations = UIInterfaceOrientationPortrait;
				INFOPLIST_KEY_UISupportedInterfaceOrientations_iPad = "UIInterfaceOrientationPortrait UIInterfaceOrientationPortraitUpsideDown UIInterfaceOrientationLandscapeLeft UIInterfaceOrientationLandscapeRight";
				INFOPLIST_KEY_UISupportedInterfaceOrientations_iPhone = "UIInterfaceOrientationPortrait UIInterfaceOrientationLandscapeLeft UIInterfaceOrientationLandscapeRight";
				LD_RUNPATH_SEARCH_PATHS = (
					"$(inherited)",
					"@executable_path/Frameworks",
				);
				MARKETING_VERSION = 2.0.0;
				PRODUCT_BUNDLE_IDENTIFIER = co.profapps.Footprints;
				PRODUCT_NAME = "$(TARGET_NAME)";
				SWIFT_EMIT_LOC_STRINGS = YES;
				SWIFT_VERSION = 5.0;
				TARGETED_DEVICE_FAMILY = 1;
			};
			name = Debug;
		};
		CF183AD826FE4B1000A1E3C1 /* Release */ = {
			isa = XCBuildConfiguration;
			buildSettings = {
				ASSETCATALOG_COMPILER_APPICON_NAME = AppIcon;
				ASSETCATALOG_COMPILER_GLOBAL_ACCENT_COLOR_NAME = AccentColor;
				CODE_SIGN_ENTITLEMENTS = Footprints/Footprints.entitlements;
				CODE_SIGN_STYLE = Automatic;
				CURRENT_PROJECT_VERSION = 1;
				DEVELOPMENT_TEAM = RTCYSWYBFH;
				GENERATE_INFOPLIST_FILE = YES;
				INFOPLIST_FILE = Footprints/Info.plist;
				INFOPLIST_KEY_UIApplicationSupportsIndirectInputEvents = YES;
				INFOPLIST_KEY_UILaunchStoryboardName = LaunchScreen;
				INFOPLIST_KEY_UISupportedInterfaceOrientations = UIInterfaceOrientationPortrait;
				INFOPLIST_KEY_UISupportedInterfaceOrientations_iPad = "UIInterfaceOrientationPortrait UIInterfaceOrientationPortraitUpsideDown UIInterfaceOrientationLandscapeLeft UIInterfaceOrientationLandscapeRight";
				INFOPLIST_KEY_UISupportedInterfaceOrientations_iPhone = "UIInterfaceOrientationPortrait UIInterfaceOrientationLandscapeLeft UIInterfaceOrientationLandscapeRight";
				LD_RUNPATH_SEARCH_PATHS = (
					"$(inherited)",
					"@executable_path/Frameworks",
				);
				MARKETING_VERSION = 2.0.0;
				PRODUCT_BUNDLE_IDENTIFIER = co.profapps.Footprints;
				PRODUCT_NAME = "$(TARGET_NAME)";
				SWIFT_EMIT_LOC_STRINGS = YES;
				SWIFT_VERSION = 5.0;
				TARGETED_DEVICE_FAMILY = 1;
			};
			name = Release;
		};
/* End XCBuildConfiguration section */

/* Begin XCConfigurationList section */
		CF183ABD26FE4B0E00A1E3C1 /* Build configuration list for PBXProject "Footprints" */ = {
			isa = XCConfigurationList;
			buildConfigurations = (
				CF183AD426FE4B1000A1E3C1 /* Debug */,
				CF183AD526FE4B1000A1E3C1 /* Release */,
			);
			defaultConfigurationIsVisible = 0;
			defaultConfigurationName = Release;
		};
		CF183AD626FE4B1000A1E3C1 /* Build configuration list for PBXNativeTarget "Footprints" */ = {
			isa = XCConfigurationList;
			buildConfigurations = (
				CF183AD726FE4B1000A1E3C1 /* Debug */,
				CF183AD826FE4B1000A1E3C1 /* Release */,
			);
			defaultConfigurationIsVisible = 0;
			defaultConfigurationName = Release;
		};
/* End XCConfigurationList section */
	};
	rootObject = CF183ABA26FE4B0E00A1E3C1 /* Project object */;
}
