// !$*UTF8*$!
{
	archiveVersion = 1;
	classes = {
	};
	objectVersion = 55;
	objects = {

/* Begin PBXBuildFile section */
		CFAB0D5B2702EE62005E8AEF /* FootprintsApp.swift in Sources */ = {isa = PBXBuildFile; fileRef = CFAB0D5A2702EE62005E8AEF /* FootprintsApp.swift */; };
		CFAB0D5F2702EE63005E8AEF /* Assets.xcassets in Resources */ = {isa = PBXBuildFile; fileRef = CFAB0D5E2702EE63005E8AEF /* Assets.xcassets */; };
		CFAB0D622702EE63005E8AEF /* Preview Assets.xcassets in Resources */ = {isa = PBXBuildFile; fileRef = CFAB0D612702EE63005E8AEF /* Preview Assets.xcassets */; };
		CFAB0D6C2702EE63005E8AEF /* FootprintsTests.swift in Sources */ = {isa = PBXBuildFile; fileRef = CFAB0D6B2702EE63005E8AEF /* FootprintsTests.swift */; };
		CFAB0D762702EE63005E8AEF /* FootprintsUITests.swift in Sources */ = {isa = PBXBuildFile; fileRef = CFAB0D752702EE63005E8AEF /* FootprintsUITests.swift */; };
		CFAB0D782702EE63005E8AEF /* FootprintsUITestsLaunchTests.swift in Sources */ = {isa = PBXBuildFile; fileRef = CFAB0D772702EE63005E8AEF /* FootprintsUITestsLaunchTests.swift */; };
		CFAB0D872702EEF5005E8AEF /* OnboardingView.swift in Sources */ = {isa = PBXBuildFile; fileRef = CFAB0D862702EEF5005E8AEF /* OnboardingView.swift */; };
		CFAB0D8B2702EF55005E8AEF /* CloudKit.framework in Frameworks */ = {isa = PBXBuildFile; fileRef = CFAB0D8A2702EF55005E8AEF /* CloudKit.framework */; };
		CFAB0D8E2702F151005E8AEF /* Constants.swift in Sources */ = {isa = PBXBuildFile; fileRef = CFAB0D8D2702F151005E8AEF /* Constants.swift */; };
/* End PBXBuildFile section */

/* Begin PBXContainerItemProxy section */
		CFAB0D682702EE63005E8AEF /* PBXContainerItemProxy */ = {
			isa = PBXContainerItemProxy;
			containerPortal = CFAB0D4F2702EE62005E8AEF /* Project object */;
			proxyType = 1;
			remoteGlobalIDString = CFAB0D562702EE62005E8AEF;
			remoteInfo = Footprints;
		};
		CFAB0D722702EE63005E8AEF /* PBXContainerItemProxy */ = {
			isa = PBXContainerItemProxy;
			containerPortal = CFAB0D4F2702EE62005E8AEF /* Project object */;
			proxyType = 1;
			remoteGlobalIDString = CFAB0D562702EE62005E8AEF;
			remoteInfo = Footprints;
		};
/* End PBXContainerItemProxy section */

/* Begin PBXFileReference section */
		CFAB0D572702EE62005E8AEF /* Footprints.app */ = {isa = PBXFileReference; explicitFileType = wrapper.application; includeInIndex = 0; path = Footprints.app; sourceTree = BUILT_PRODUCTS_DIR; };
		CFAB0D5A2702EE62005E8AEF /* FootprintsApp.swift */ = {isa = PBXFileReference; lastKnownFileType = sourcecode.swift; path = FootprintsApp.swift; sourceTree = "<group>"; };
		CFAB0D5E2702EE63005E8AEF /* Assets.xcassets */ = {isa = PBXFileReference; lastKnownFileType = folder.assetcatalog; path = Assets.xcassets; sourceTree = "<group>"; };
		CFAB0D612702EE63005E8AEF /* Preview Assets.xcassets */ = {isa = PBXFileReference; lastKnownFileType = folder.assetcatalog; path = "Preview Assets.xcassets"; sourceTree = "<group>"; };
		CFAB0D672702EE63005E8AEF /* FootprintsTests.xctest */ = {isa = PBXFileReference; explicitFileType = wrapper.cfbundle; includeInIndex = 0; path = FootprintsTests.xctest; sourceTree = BUILT_PRODUCTS_DIR; };
		CFAB0D6B2702EE63005E8AEF /* FootprintsTests.swift */ = {isa = PBXFileReference; lastKnownFileType = sourcecode.swift; path = FootprintsTests.swift; sourceTree = "<group>"; };
		CFAB0D712702EE63005E8AEF /* FootprintsUITests.xctest */ = {isa = PBXFileReference; explicitFileType = wrapper.cfbundle; includeInIndex = 0; path = FootprintsUITests.xctest; sourceTree = BUILT_PRODUCTS_DIR; };
		CFAB0D752702EE63005E8AEF /* FootprintsUITests.swift */ = {isa = PBXFileReference; lastKnownFileType = sourcecode.swift; path = FootprintsUITests.swift; sourceTree = "<group>"; };
		CFAB0D772702EE63005E8AEF /* FootprintsUITestsLaunchTests.swift */ = {isa = PBXFileReference; lastKnownFileType = sourcecode.swift; path = FootprintsUITestsLaunchTests.swift; sourceTree = "<group>"; };
		CFAB0D862702EEF5005E8AEF /* OnboardingView.swift */ = {isa = PBXFileReference; lastKnownFileType = sourcecode.swift; path = OnboardingView.swift; sourceTree = "<group>"; };
		CFAB0D882702EF4F005E8AEF /* Footprints.entitlements */ = {isa = PBXFileReference; lastKnownFileType = text.plist.entitlements; path = Footprints.entitlements; sourceTree = "<group>"; };
		CFAB0D8A2702EF55005E8AEF /* CloudKit.framework */ = {isa = PBXFileReference; lastKnownFileType = wrapper.framework; name = CloudKit.framework; path = System/Library/Frameworks/CloudKit.framework; sourceTree = SDKROOT; };
		CFAB0D8D2702F151005E8AEF /* Constants.swift */ = {isa = PBXFileReference; lastKnownFileType = sourcecode.swift; path = Constants.swift; sourceTree = "<group>"; };
/* End PBXFileReference section */

/* Begin PBXFrameworksBuildPhase section */
		CFAB0D542702EE62005E8AEF /* Frameworks */ = {
			isa = PBXFrameworksBuildPhase;
			buildActionMask = 2147483647;
			files = (
				CFAB0D8B2702EF55005E8AEF /* CloudKit.framework in Frameworks */,
			);
			runOnlyForDeploymentPostprocessing = 0;
		};
		CFAB0D642702EE63005E8AEF /* Frameworks */ = {
			isa = PBXFrameworksBuildPhase;
			buildActionMask = 2147483647;
			files = (
			);
			runOnlyForDeploymentPostprocessing = 0;
		};
		CFAB0D6E2702EE63005E8AEF /* Frameworks */ = {
			isa = PBXFrameworksBuildPhase;
			buildActionMask = 2147483647;
			files = (
			);
			runOnlyForDeploymentPostprocessing = 0;
		};
/* End PBXFrameworksBuildPhase section */

/* Begin PBXGroup section */
		CFAB0D4E2702EE62005E8AEF = {
			isa = PBXGroup;
			children = (
				CFAB0D592702EE62005E8AEF /* Footprints */,
				CFAB0D6A2702EE63005E8AEF /* FootprintsTests */,
				CFAB0D742702EE63005E8AEF /* FootprintsUITests */,
				CFAB0D582702EE62005E8AEF /* Products */,
				CFAB0D892702EF55005E8AEF /* Frameworks */,
			);
			sourceTree = "<group>";
		};
		CFAB0D582702EE62005E8AEF /* Products */ = {
			isa = PBXGroup;
			children = (
				CFAB0D572702EE62005E8AEF /* Footprints.app */,
				CFAB0D672702EE63005E8AEF /* FootprintsTests.xctest */,
				CFAB0D712702EE63005E8AEF /* FootprintsUITests.xctest */,
			);
			name = Products;
			sourceTree = "<group>";
		};
		CFAB0D592702EE62005E8AEF /* Footprints */ = {
			isa = PBXGroup;
			children = (
				CFAB0D842702EED2005E8AEF /* Views */,
				CFAB0D8C2702F13C005E8AEF /* Constants */,
				CFAB0D5A2702EE62005E8AEF /* FootprintsApp.swift */,
				CFAB0D5E2702EE63005E8AEF /* Assets.xcassets */,
				CFAB0D882702EF4F005E8AEF /* Footprints.entitlements */,
				CFAB0D602702EE63005E8AEF /* Preview Content */,
			);
			path = Footprints;
			sourceTree = "<group>";
		};
		CFAB0D602702EE63005E8AEF /* Preview Content */ = {
			isa = PBXGroup;
			children = (
				CFAB0D612702EE63005E8AEF /* Preview Assets.xcassets */,
			);
			path = "Preview Content";
			sourceTree = "<group>";
		};
		CFAB0D6A2702EE63005E8AEF /* FootprintsTests */ = {
			isa = PBXGroup;
			children = (
				CFAB0D6B2702EE63005E8AEF /* FootprintsTests.swift */,
			);
			path = FootprintsTests;
			sourceTree = "<group>";
		};
		CFAB0D742702EE63005E8AEF /* FootprintsUITests */ = {
			isa = PBXGroup;
			children = (
				CFAB0D752702EE63005E8AEF /* FootprintsUITests.swift */,
				CFAB0D772702EE63005E8AEF /* FootprintsUITestsLaunchTests.swift */,
			);
			path = FootprintsUITests;
			sourceTree = "<group>";
		};
		CFAB0D842702EED2005E8AEF /* Views */ = {
			isa = PBXGroup;
			children = (
				CFAB0D852702EEE1005E8AEF /* Onboarding */,
			);
			path = Views;
			sourceTree = "<group>";
		};
		CFAB0D852702EEE1005E8AEF /* Onboarding */ = {
			isa = PBXGroup;
			children = (
				CFAB0D862702EEF5005E8AEF /* OnboardingView.swift */,
			);
			path = Onboarding;
			sourceTree = "<group>";
		};
		CFAB0D892702EF55005E8AEF /* Frameworks */ = {
			isa = PBXGroup;
			children = (
				CFAB0D8A2702EF55005E8AEF /* CloudKit.framework */,
			);
			name = Frameworks;
			sourceTree = "<group>";
		};
		CFAB0D8C2702F13C005E8AEF /* Constants */ = {
			isa = PBXGroup;
			children = (
				CFAB0D8D2702F151005E8AEF /* Constants.swift */,
			);
			path = Constants;
			sourceTree = "<group>";
		};
/* End PBXGroup section */

/* Begin PBXNativeTarget section */
		CFAB0D562702EE62005E8AEF /* Footprints */ = {
			isa = PBXNativeTarget;
			buildConfigurationList = CFAB0D7B2702EE63005E8AEF /* Build configuration list for PBXNativeTarget "Footprints" */;
			buildPhases = (
				CFAB0D532702EE62005E8AEF /* Sources */,
				CFAB0D542702EE62005E8AEF /* Frameworks */,
				CFAB0D552702EE62005E8AEF /* Resources */,
			);
			buildRules = (
			);
			dependencies = (
			);
			name = Footprints;
			productName = Footprints;
			productReference = CFAB0D572702EE62005E8AEF /* Footprints.app */;
			productType = "com.apple.product-type.application";
		};
		CFAB0D662702EE63005E8AEF /* FootprintsTests */ = {
			isa = PBXNativeTarget;
			buildConfigurationList = CFAB0D7E2702EE63005E8AEF /* Build configuration list for PBXNativeTarget "FootprintsTests" */;
			buildPhases = (
				CFAB0D632702EE63005E8AEF /* Sources */,
				CFAB0D642702EE63005E8AEF /* Frameworks */,
				CFAB0D652702EE63005E8AEF /* Resources */,
			);
			buildRules = (
			);
			dependencies = (
				CFAB0D692702EE63005E8AEF /* PBXTargetDependency */,
			);
			name = FootprintsTests;
			productName = FootprintsTests;
			productReference = CFAB0D672702EE63005E8AEF /* FootprintsTests.xctest */;
			productType = "com.apple.product-type.bundle.unit-test";
		};
		CFAB0D702702EE63005E8AEF /* FootprintsUITests */ = {
			isa = PBXNativeTarget;
			buildConfigurationList = CFAB0D812702EE63005E8AEF /* Build configuration list for PBXNativeTarget "FootprintsUITests" */;
			buildPhases = (
				CFAB0D6D2702EE63005E8AEF /* Sources */,
				CFAB0D6E2702EE63005E8AEF /* Frameworks */,
				CFAB0D6F2702EE63005E8AEF /* Resources */,
			);
			buildRules = (
			);
			dependencies = (
				CFAB0D732702EE63005E8AEF /* PBXTargetDependency */,
			);
			name = FootprintsUITests;
			productName = FootprintsUITests;
			productReference = CFAB0D712702EE63005E8AEF /* FootprintsUITests.xctest */;
			productType = "com.apple.product-type.bundle.ui-testing";
		};
/* End PBXNativeTarget section */

/* Begin PBXProject section */
		CFAB0D4F2702EE62005E8AEF /* Project object */ = {
			isa = PBXProject;
			attributes = {
				BuildIndependentTargetsInParallel = 1;
				LastSwiftUpdateCheck = 1300;
				LastUpgradeCheck = 1300;
				TargetAttributes = {
					CFAB0D562702EE62005E8AEF = {
						CreatedOnToolsVersion = 13.0;
					};
					CFAB0D662702EE63005E8AEF = {
						CreatedOnToolsVersion = 13.0;
						TestTargetID = CFAB0D562702EE62005E8AEF;
					};
					CFAB0D702702EE63005E8AEF = {
						CreatedOnToolsVersion = 13.0;
						TestTargetID = CFAB0D562702EE62005E8AEF;
					};
				};
			};
			buildConfigurationList = CFAB0D522702EE62005E8AEF /* Build configuration list for PBXProject "Footprints" */;
			compatibilityVersion = "Xcode 13.0";
			developmentRegion = en;
			hasScannedForEncodings = 0;
			knownRegions = (
				en,
				Base,
			);
			mainGroup = CFAB0D4E2702EE62005E8AEF;
			productRefGroup = CFAB0D582702EE62005E8AEF /* Products */;
			projectDirPath = "";
			projectRoot = "";
			targets = (
				CFAB0D562702EE62005E8AEF /* Footprints */,
				CFAB0D662702EE63005E8AEF /* FootprintsTests */,
				CFAB0D702702EE63005E8AEF /* FootprintsUITests */,
			);
		};
/* End PBXProject section */

/* Begin PBXResourcesBuildPhase section */
		CFAB0D552702EE62005E8AEF /* Resources */ = {
			isa = PBXResourcesBuildPhase;
			buildActionMask = 2147483647;
			files = (
				CFAB0D622702EE63005E8AEF /* Preview Assets.xcassets in Resources */,
				CFAB0D5F2702EE63005E8AEF /* Assets.xcassets in Resources */,
			);
			runOnlyForDeploymentPostprocessing = 0;
		};
		CFAB0D652702EE63005E8AEF /* Resources */ = {
			isa = PBXResourcesBuildPhase;
			buildActionMask = 2147483647;
			files = (
			);
			runOnlyForDeploymentPostprocessing = 0;
		};
		CFAB0D6F2702EE63005E8AEF /* Resources */ = {
			isa = PBXResourcesBuildPhase;
			buildActionMask = 2147483647;
			files = (
			);
			runOnlyForDeploymentPostprocessing = 0;
		};
/* End PBXResourcesBuildPhase section */

/* Begin PBXSourcesBuildPhase section */
		CFAB0D532702EE62005E8AEF /* Sources */ = {
			isa = PBXSourcesBuildPhase;
			buildActionMask = 2147483647;
			files = (
				CFAB0D872702EEF5005E8AEF /* OnboardingView.swift in Sources */,
				CFAB0D5B2702EE62005E8AEF /* FootprintsApp.swift in Sources */,
				CFAB0D8E2702F151005E8AEF /* Constants.swift in Sources */,
			);
			runOnlyForDeploymentPostprocessing = 0;
		};
		CFAB0D632702EE63005E8AEF /* Sources */ = {
			isa = PBXSourcesBuildPhase;
			buildActionMask = 2147483647;
			files = (
				CFAB0D6C2702EE63005E8AEF /* FootprintsTests.swift in Sources */,
			);
			runOnlyForDeploymentPostprocessing = 0;
		};
		CFAB0D6D2702EE63005E8AEF /* Sources */ = {
			isa = PBXSourcesBuildPhase;
			buildActionMask = 2147483647;
			files = (
				CFAB0D782702EE63005E8AEF /* FootprintsUITestsLaunchTests.swift in Sources */,
				CFAB0D762702EE63005E8AEF /* FootprintsUITests.swift in Sources */,
			);
			runOnlyForDeploymentPostprocessing = 0;
		};
/* End PBXSourcesBuildPhase section */

/* Begin PBXTargetDependency section */
		CFAB0D692702EE63005E8AEF /* PBXTargetDependency */ = {
			isa = PBXTargetDependency;
			target = CFAB0D562702EE62005E8AEF /* Footprints */;
			targetProxy = CFAB0D682702EE63005E8AEF /* PBXContainerItemProxy */;
		};
		CFAB0D732702EE63005E8AEF /* PBXTargetDependency */ = {
			isa = PBXTargetDependency;
			target = CFAB0D562702EE62005E8AEF /* Footprints */;
			targetProxy = CFAB0D722702EE63005E8AEF /* PBXContainerItemProxy */;
		};
/* End PBXTargetDependency section */

/* Begin XCBuildConfiguration section */
		CFAB0D792702EE63005E8AEF /* Debug */ = {
			isa = XCBuildConfiguration;
			buildSettings = {
				ALWAYS_SEARCH_USER_PATHS = NO;
				CLANG_ANALYZER_NONNULL = YES;
				CLANG_ANALYZER_NUMBER_OBJECT_CONVERSION = YES_AGGRESSIVE;
				CLANG_CXX_LANGUAGE_STANDARD = "gnu++17";
				CLANG_CXX_LIBRARY = "libc++";
				CLANG_ENABLE_MODULES = YES;
				CLANG_ENABLE_OBJC_ARC = YES;
				CLANG_ENABLE_OBJC_WEAK = YES;
				CLANG_WARN_BLOCK_CAPTURE_AUTORELEASING = YES;
				CLANG_WARN_BOOL_CONVERSION = YES;
				CLANG_WARN_COMMA = YES;
				CLANG_WARN_CONSTANT_CONVERSION = YES;
				CLANG_WARN_DEPRECATED_OBJC_IMPLEMENTATIONS = YES;
				CLANG_WARN_DIRECT_OBJC_ISA_USAGE = YES_ERROR;
				CLANG_WARN_DOCUMENTATION_COMMENTS = YES;
				CLANG_WARN_EMPTY_BODY = YES;
				CLANG_WARN_ENUM_CONVERSION = YES;
				CLANG_WARN_INFINITE_RECURSION = YES;
				CLANG_WARN_INT_CONVERSION = YES;
				CLANG_WARN_NON_LITERAL_NULL_CONVERSION = YES;
				CLANG_WARN_OBJC_IMPLICIT_RETAIN_SELF = YES;
				CLANG_WARN_OBJC_LITERAL_CONVERSION = YES;
				CLANG_WARN_OBJC_ROOT_CLASS = YES_ERROR;
				CLANG_WARN_QUOTED_INCLUDE_IN_FRAMEWORK_HEADER = YES;
				CLANG_WARN_RANGE_LOOP_ANALYSIS = YES;
				CLANG_WARN_STRICT_PROTOTYPES = YES;
				CLANG_WARN_SUSPICIOUS_MOVE = YES;
				CLANG_WARN_UNGUARDED_AVAILABILITY = YES_AGGRESSIVE;
				CLANG_WARN_UNREACHABLE_CODE = YES;
				CLANG_WARN__DUPLICATE_METHOD_MATCH = YES;
				COPY_PHASE_STRIP = NO;
				DEBUG_INFORMATION_FORMAT = dwarf;
				ENABLE_STRICT_OBJC_MSGSEND = YES;
				ENABLE_TESTABILITY = YES;
				GCC_C_LANGUAGE_STANDARD = gnu11;
				GCC_DYNAMIC_NO_PIC = NO;
				GCC_NO_COMMON_BLOCKS = YES;
				GCC_OPTIMIZATION_LEVEL = 0;
				GCC_PREPROCESSOR_DEFINITIONS = (
					"DEBUG=1",
					"$(inherited)",
				);
				GCC_WARN_64_TO_32_BIT_CONVERSION = YES;
				GCC_WARN_ABOUT_RETURN_TYPE = YES_ERROR;
				GCC_WARN_UNDECLARED_SELECTOR = YES;
				GCC_WARN_UNINITIALIZED_AUTOS = YES_AGGRESSIVE;
				GCC_WARN_UNUSED_FUNCTION = YES;
				GCC_WARN_UNUSED_VARIABLE = YES;
				IPHONEOS_DEPLOYMENT_TARGET = 15.0;
				MTL_ENABLE_DEBUG_INFO = INCLUDE_SOURCE;
				MTL_FAST_MATH = YES;
				ONLY_ACTIVE_ARCH = YES;
				SDKROOT = iphoneos;
				SWIFT_ACTIVE_COMPILATION_CONDITIONS = DEBUG;
				SWIFT_OPTIMIZATION_LEVEL = "-Onone";
			};
			name = Debug;
		};
		CFAB0D7A2702EE63005E8AEF /* Release */ = {
			isa = XCBuildConfiguration;
			buildSettings = {
				ALWAYS_SEARCH_USER_PATHS = NO;
				CLANG_ANALYZER_NONNULL = YES;
				CLANG_ANALYZER_NUMBER_OBJECT_CONVERSION = YES_AGGRESSIVE;
				CLANG_CXX_LANGUAGE_STANDARD = "gnu++17";
				CLANG_CXX_LIBRARY = "libc++";
				CLANG_ENABLE_MODULES = YES;
				CLANG_ENABLE_OBJC_ARC = YES;
				CLANG_ENABLE_OBJC_WEAK = YES;
				CLANG_WARN_BLOCK_CAPTURE_AUTORELEASING = YES;
				CLANG_WARN_BOOL_CONVERSION = YES;
				CLANG_WARN_COMMA = YES;
				CLANG_WARN_CONSTANT_CONVERSION = YES;
				CLANG_WARN_DEPRECATED_OBJC_IMPLEMENTATIONS = YES;
				CLANG_WARN_DIRECT_OBJC_ISA_USAGE = YES_ERROR;
				CLANG_WARN_DOCUMENTATION_COMMENTS = YES;
				CLANG_WARN_EMPTY_BODY = YES;
				CLANG_WARN_ENUM_CONVERSION = YES;
				CLANG_WARN_INFINITE_RECURSION = YES;
				CLANG_WARN_INT_CONVERSION = YES;
				CLANG_WARN_NON_LITERAL_NULL_CONVERSION = YES;
				CLANG_WARN_OBJC_IMPLICIT_RETAIN_SELF = YES;
				CLANG_WARN_OBJC_LITERAL_CONVERSION = YES;
				CLANG_WARN_OBJC_ROOT_CLASS = YES_ERROR;
				CLANG_WARN_QUOTED_INCLUDE_IN_FRAMEWORK_HEADER = YES;
				CLANG_WARN_RANGE_LOOP_ANALYSIS = YES;
				CLANG_WARN_STRICT_PROTOTYPES = YES;
				CLANG_WARN_SUSPICIOUS_MOVE = YES;
				CLANG_WARN_UNGUARDED_AVAILABILITY = YES_AGGRESSIVE;
				CLANG_WARN_UNREACHABLE_CODE = YES;
				CLANG_WARN__DUPLICATE_METHOD_MATCH = YES;
				COPY_PHASE_STRIP = NO;
				DEBUG_INFORMATION_FORMAT = "dwarf-with-dsym";
				ENABLE_NS_ASSERTIONS = NO;
				ENABLE_STRICT_OBJC_MSGSEND = YES;
				GCC_C_LANGUAGE_STANDARD = gnu11;
				GCC_NO_COMMON_BLOCKS = YES;
				GCC_WARN_64_TO_32_BIT_CONVERSION = YES;
				GCC_WARN_ABOUT_RETURN_TYPE = YES_ERROR;
				GCC_WARN_UNDECLARED_SELECTOR = YES;
				GCC_WARN_UNINITIALIZED_AUTOS = YES_AGGRESSIVE;
				GCC_WARN_UNUSED_FUNCTION = YES;
				GCC_WARN_UNUSED_VARIABLE = YES;
				IPHONEOS_DEPLOYMENT_TARGET = 15.0;
				MTL_ENABLE_DEBUG_INFO = NO;
				MTL_FAST_MATH = YES;
				SDKROOT = iphoneos;
				SWIFT_COMPILATION_MODE = wholemodule;
				SWIFT_OPTIMIZATION_LEVEL = "-O";
				VALIDATE_PRODUCT = YES;
			};
			name = Release;
		};
		CFAB0D7C2702EE63005E8AEF /* Debug */ = {
			isa = XCBuildConfiguration;
			buildSettings = {
				ASSETCATALOG_COMPILER_APPICON_NAME = AppIcon;
				ASSETCATALOG_COMPILER_GLOBAL_ACCENT_COLOR_NAME = AccentColor;
				CODE_SIGN_ENTITLEMENTS = Footprints/Footprints.entitlements;
				CODE_SIGN_STYLE = Automatic;
				CURRENT_PROJECT_VERSION = 1;
				DEVELOPMENT_ASSET_PATHS = "\"Footprints/Preview Content\"";
				DEVELOPMENT_TEAM = RTCYSWYBFH;
				ENABLE_PREVIEWS = YES;
				GENERATE_INFOPLIST_FILE = YES;
				INFOPLIST_KEY_UIApplicationSceneManifest_Generation = YES;
				INFOPLIST_KEY_UIApplicationSupportsIndirectInputEvents = YES;
				INFOPLIST_KEY_UILaunchScreen_Generation = YES;
				INFOPLIST_KEY_UISupportedInterfaceOrientations = UIInterfaceOrientationPortrait;
				INFOPLIST_KEY_UISupportedInterfaceOrientations_iPad = "UIInterfaceOrientationPortrait UIInterfaceOrientationPortraitUpsideDown UIInterfaceOrientationLandscapeLeft UIInterfaceOrientationLandscapeRight";
				INFOPLIST_KEY_UISupportedInterfaceOrientations_iPhone = "UIInterfaceOrientationPortrait UIInterfaceOrientationLandscapeLeft UIInterfaceOrientationLandscapeRight";
				IPHONEOS_DEPLOYMENT_TARGET = 14.0;
				LD_RUNPATH_SEARCH_PATHS = (
					"$(inherited)",
					"@executable_path/Frameworks",
				);
				MARKETING_VERSION = 3.0.0;
				PRODUCT_BUNDLE_IDENTIFIER = profapps.co.Footprints;
				PRODUCT_NAME = "$(TARGET_NAME)";
				SWIFT_EMIT_LOC_STRINGS = YES;
				SWIFT_VERSION = 5.0;
				TARGETED_DEVICE_FAMILY = 1;
			};
			name = Debug;
		};
		CFAB0D7D2702EE63005E8AEF /* Release */ = {
			isa = XCBuildConfiguration;
			buildSettings = {
				ASSETCATALOG_COMPILER_APPICON_NAME = AppIcon;
				ASSETCATALOG_COMPILER_GLOBAL_ACCENT_COLOR_NAME = AccentColor;
				CODE_SIGN_ENTITLEMENTS = Footprints/Footprints.entitlements;
				CODE_SIGN_STYLE = Automatic;
				CURRENT_PROJECT_VERSION = 1;
				DEVELOPMENT_ASSET_PATHS = "\"Footprints/Preview Content\"";
				DEVELOPMENT_TEAM = RTCYSWYBFH;
				ENABLE_PREVIEWS = YES;
				GENERATE_INFOPLIST_FILE = YES;
				INFOPLIST_KEY_UIApplicationSceneManifest_Generation = YES;
				INFOPLIST_KEY_UIApplicationSupportsIndirectInputEvents = YES;
				INFOPLIST_KEY_UILaunchScreen_Generation = YES;
				INFOPLIST_KEY_UISupportedInterfaceOrientations = UIInterfaceOrientationPortrait;
				INFOPLIST_KEY_UISupportedInterfaceOrientations_iPad = "UIInterfaceOrientationPortrait UIInterfaceOrientationPortraitUpsideDown UIInterfaceOrientationLandscapeLeft UIInterfaceOrientationLandscapeRight";
				INFOPLIST_KEY_UISupportedInterfaceOrientations_iPhone = "UIInterfaceOrientationPortrait UIInterfaceOrientationLandscapeLeft UIInterfaceOrientationLandscapeRight";
				IPHONEOS_DEPLOYMENT_TARGET = 14.0;
				LD_RUNPATH_SEARCH_PATHS = (
					"$(inherited)",
					"@executable_path/Frameworks",
				);
				MARKETING_VERSION = 3.0.0;
				PRODUCT_BUNDLE_IDENTIFIER = profapps.co.Footprints;
				PRODUCT_NAME = "$(TARGET_NAME)";
				SWIFT_EMIT_LOC_STRINGS = YES;
				SWIFT_VERSION = 5.0;
				TARGETED_DEVICE_FAMILY = 1;
			};
			name = Release;
		};
		CFAB0D7F2702EE63005E8AEF /* Debug */ = {
			isa = XCBuildConfiguration;
			buildSettings = {
				ALWAYS_EMBED_SWIFT_STANDARD_LIBRARIES = YES;
				BUNDLE_LOADER = "$(TEST_HOST)";
				CODE_SIGN_STYLE = Automatic;
				CURRENT_PROJECT_VERSION = 1;
				DEVELOPMENT_TEAM = RTCYSWYBFH;
				GENERATE_INFOPLIST_FILE = YES;
				IPHONEOS_DEPLOYMENT_TARGET = 14.0;
				LD_RUNPATH_SEARCH_PATHS = (
					"$(inherited)",
					"@executable_path/Frameworks",
					"@loader_path/Frameworks",
				);
				MARKETING_VERSION = 1.0;
				PRODUCT_BUNDLE_IDENTIFIER = profapps.co.FootprintsTests;
				PRODUCT_NAME = "$(TARGET_NAME)";
				SWIFT_EMIT_LOC_STRINGS = NO;
				SWIFT_VERSION = 5.0;
				TARGETED_DEVICE_FAMILY = "1,2";
				TEST_HOST = "$(BUILT_PRODUCTS_DIR)/Footprints.app/Footprints";
			};
			name = Debug;
		};
		CFAB0D802702EE63005E8AEF /* Release */ = {
			isa = XCBuildConfiguration;
			buildSettings = {
				ALWAYS_EMBED_SWIFT_STANDARD_LIBRARIES = YES;
				BUNDLE_LOADER = "$(TEST_HOST)";
				CODE_SIGN_STYLE = Automatic;
				CURRENT_PROJECT_VERSION = 1;
				DEVELOPMENT_TEAM = RTCYSWYBFH;
				GENERATE_INFOPLIST_FILE = YES;
				IPHONEOS_DEPLOYMENT_TARGET = 14.0;
				LD_RUNPATH_SEARCH_PATHS = (
					"$(inherited)",
					"@executable_path/Frameworks",
					"@loader_path/Frameworks",
				);
				MARKETING_VERSION = 1.0;
				PRODUCT_BUNDLE_IDENTIFIER = profapps.co.FootprintsTests;
				PRODUCT_NAME = "$(TARGET_NAME)";
				SWIFT_EMIT_LOC_STRINGS = NO;
				SWIFT_VERSION = 5.0;
				TARGETED_DEVICE_FAMILY = "1,2";
				TEST_HOST = "$(BUILT_PRODUCTS_DIR)/Footprints.app/Footprints";
			};
			name = Release;
		};
		CFAB0D822702EE63005E8AEF /* Debug */ = {
			isa = XCBuildConfiguration;
			buildSettings = {
				ALWAYS_EMBED_SWIFT_STANDARD_LIBRARIES = YES;
				CODE_SIGN_STYLE = Automatic;
				CURRENT_PROJECT_VERSION = 1;
				DEVELOPMENT_TEAM = RTCYSWYBFH;
				GENERATE_INFOPLIST_FILE = YES;
				LD_RUNPATH_SEARCH_PATHS = (
					"$(inherited)",
					"@executable_path/Frameworks",
					"@loader_path/Frameworks",
				);
				MARKETING_VERSION = 1.0;
				PRODUCT_BUNDLE_IDENTIFIER = profapps.co.FootprintsUITests;
				PRODUCT_NAME = "$(TARGET_NAME)";
				SWIFT_EMIT_LOC_STRINGS = NO;
				SWIFT_VERSION = 5.0;
				TARGETED_DEVICE_FAMILY = "1,2";
				TEST_TARGET_NAME = Footprints;
			};
			name = Debug;
		};
		CFAB0D832702EE63005E8AEF /* Release */ = {
			isa = XCBuildConfiguration;
			buildSettings = {
				ALWAYS_EMBED_SWIFT_STANDARD_LIBRARIES = YES;
				CODE_SIGN_STYLE = Automatic;
				CURRENT_PROJECT_VERSION = 1;
				DEVELOPMENT_TEAM = RTCYSWYBFH;
				GENERATE_INFOPLIST_FILE = YES;
				LD_RUNPATH_SEARCH_PATHS = (
					"$(inherited)",
					"@executable_path/Frameworks",
					"@loader_path/Frameworks",
				);
				MARKETING_VERSION = 1.0;
				PRODUCT_BUNDLE_IDENTIFIER = profapps.co.FootprintsUITests;
				PRODUCT_NAME = "$(TARGET_NAME)";
				SWIFT_EMIT_LOC_STRINGS = NO;
				SWIFT_VERSION = 5.0;
				TARGETED_DEVICE_FAMILY = "1,2";
				TEST_TARGET_NAME = Footprints;
			};
			name = Release;
		};
/* End XCBuildConfiguration section */

/* Begin XCConfigurationList section */
		CFAB0D522702EE62005E8AEF /* Build configuration list for PBXProject "Footprints" */ = {
			isa = XCConfigurationList;
			buildConfigurations = (
				CFAB0D792702EE63005E8AEF /* Debug */,
				CFAB0D7A2702EE63005E8AEF /* Release */,
			);
			defaultConfigurationIsVisible = 0;
			defaultConfigurationName = Release;
		};
		CFAB0D7B2702EE63005E8AEF /* Build configuration list for PBXNativeTarget "Footprints" */ = {
			isa = XCConfigurationList;
			buildConfigurations = (
				CFAB0D7C2702EE63005E8AEF /* Debug */,
				CFAB0D7D2702EE63005E8AEF /* Release */,
			);
			defaultConfigurationIsVisible = 0;
			defaultConfigurationName = Release;
		};
		CFAB0D7E2702EE63005E8AEF /* Build configuration list for PBXNativeTarget "FootprintsTests" */ = {
			isa = XCConfigurationList;
			buildConfigurations = (
				CFAB0D7F2702EE63005E8AEF /* Debug */,
				CFAB0D802702EE63005E8AEF /* Release */,
			);
			defaultConfigurationIsVisible = 0;
			defaultConfigurationName = Release;
		};
		CFAB0D812702EE63005E8AEF /* Build configuration list for PBXNativeTarget "FootprintsUITests" */ = {
			isa = XCConfigurationList;
			buildConfigurations = (
				CFAB0D822702EE63005E8AEF /* Debug */,
				CFAB0D832702EE63005E8AEF /* Release */,
			);
			defaultConfigurationIsVisible = 0;
			defaultConfigurationName = Release;
		};
/* End XCConfigurationList section */
	};
	rootObject = CFAB0D4F2702EE62005E8AEF /* Project object */;
}
